
Microsoft Visual Studio Solution File, Format Version 12.00
# Visual Studio Version 16
VisualStudioVersion = 16.0.31410.357
MinimumVisualStudioVersion = 10.0.40219.1
Project("{FAE04EC0-301F-11D3-BF4B-00C04F79EFBC}") = "ArrayUtility", "ArrayUtility\ArrayUtility.csproj", "{1FB491B5-44BD-4FE8-BF33-9B8295803BE7}"
EndProject
Global
	GlobalSection(SolutionConfigurationPlatforms) = preSolution
		Debug|Any CPU = Debug|Any CPU
		Release|Any CPU = Release|Any CPU
	EndGlobalSection
	GlobalSection(ProjectConfigurationPlatforms) = postSolution
		{1FB491B5-44BD-4FE8-BF33-9B8295803BE7}.Debug|Any CPU.ActiveCfg = Debug|Any CPU
		{1FB491B5-44BD-4FE8-BF33-9B8295803BE7}.Debug|Any CPU.Build.0 = Debug|Any CPU
		{1FB491B5-44BD-4FE8-BF33-9B8295803BE7}.Release|Any CPU.ActiveCfg = Release|Any CPU
		{1FB491B5-44BD-4FE8-BF33-9B8295803BE7}.Release|Any CPU.Build.0 = Release|Any CPU
	EndGlobalSection
	GlobalSection(SolutionProperties) = preSolution
		HideSolutionNode = FALSE
	EndGlobalSection
	GlobalSection(ExtensibilityGlobals) = postSolution
		SolutionGuid = {A21269BB-4D51-487F-815F-5C0951135DF7}
	EndGlobalSection
EndGlobal
